
Microsoft Visual Studio Solution File, Format Version 12.00
# Visual Studio 2015
Project("{FAE04EC0-301F-11D3-BF4B-00C04F79EFBC}") = "P6-RubeGoldbergChallenge", "P6-RubeGoldbergChallenge.csproj", "{CBB96B0B-0EF3-0719-5782-541D522B8E6A}"
EndProject
Project("{FAE04EC0-301F-11D3-BF4B-00C04F79EFBC}") = "P6-RubeGoldbergChallenge.Editor", "P6-RubeGoldbergChallenge.Editor.csproj", "{D1476381-8241-D218-7894-1DA8EDF98BBA}"
EndProject
Global
	GlobalSection(SolutionConfigurationPlatforms) = preSolution
		Debug|Any CPU = Debug|Any CPU
		Release|Any CPU = Release|Any CPU
	EndGlobalSection
	GlobalSection(ProjectConfigurationPlatforms) = postSolution
		{CBB96B0B-0EF3-0719-5782-541D522B8E6A}.Debug|Any CPU.ActiveCfg = Debug|Any CPU
		{CBB96B0B-0EF3-0719-5782-541D522B8E6A}.Debug|Any CPU.Build.0 = Debug|Any CPU
		{CBB96B0B-0EF3-0719-5782-541D522B8E6A}.Release|Any CPU.ActiveCfg = Release|Any CPU
		{CBB96B0B-0EF3-0719-5782-541D522B8E6A}.Release|Any CPU.Build.0 = Release|Any CPU
		{D1476381-8241-D218-7894-1DA8EDF98BBA}.Debug|Any CPU.ActiveCfg = Debug|Any CPU
		{D1476381-8241-D218-7894-1DA8EDF98BBA}.Debug|Any CPU.Build.0 = Debug|Any CPU
		{D1476381-8241-D218-7894-1DA8EDF98BBA}.Release|Any CPU.ActiveCfg = Release|Any CPU
		{D1476381-8241-D218-7894-1DA8EDF98BBA}.Release|Any CPU.Build.0 = Release|Any CPU
	EndGlobalSection
	GlobalSection(SolutionProperties) = preSolution
		HideSolutionNode = FALSE
	EndGlobalSection
EndGlobal
